
Microsoft Visual Studio Solution File, Format Version 12.00
# Visual Studio 14
VisualStudioVersion = 14.0.25420.1
MinimumVisualStudioVersion = 10.0.40219.1
Project("{FAE04EC0-301F-11D3-BF4B-00C04F79EFBC}") = "UngDung_QL_TaiKhoan", "UngDung_QL_TaiKhoan\UngDung_QL_TaiKhoan.csproj", "{A9F89DD4-B64E-43DE-BE7A-5944E3F48F52}"
EndProject
Project("{FAE04EC0-301F-11D3-BF4B-00C04F79EFBC}") = "DAL", "DAL\DAL.csproj", "{A8C4B7EC-1126-4C5F-ADAF-C3A3EE12ACF7}"
EndProject
Project("{FAE04EC0-301F-11D3-BF4B-00C04F79EFBC}") = "BUS", "BUS\BUS.csproj", "{CF1F2FD9-ED22-482E-92F4-EC46B2C773DB}"
EndProject
Global
	GlobalSection(SolutionConfigurationPlatforms) = preSolution
		Debug|Any CPU = Debug|Any CPU
		Release|Any CPU = Release|Any CPU
	EndGlobalSection
	GlobalSection(ProjectConfigurationPlatforms) = postSolution
		{A9F89DD4-B64E-43DE-BE7A-5944E3F48F52}.Debug|Any CPU.ActiveCfg = Debug|Any CPU
		{A9F89DD4-B64E-43DE-BE7A-5944E3F48F52}.Debug|Any CPU.Build.0 = Debug|Any CPU
		{A9F89DD4-B64E-43DE-BE7A-5944E3F48F52}.Release|Any CPU.ActiveCfg = Release|Any CPU
		{A9F89DD4-B64E-43DE-BE7A-5944E3F48F52}.Release|Any CPU.Build.0 = Release|Any CPU
		{A8C4B7EC-1126-4C5F-ADAF-C3A3EE12ACF7}.Debug|Any CPU.ActiveCfg = Debug|Any CPU
		{A8C4B7EC-1126-4C5F-ADAF-C3A3EE12ACF7}.Debug|Any CPU.Build.0 = Debug|Any CPU
		{A8C4B7EC-1126-4C5F-ADAF-C3A3EE12ACF7}.Release|Any CPU.ActiveCfg = Release|Any CPU
		{A8C4B7EC-1126-4C5F-ADAF-C3A3EE12ACF7}.Release|Any CPU.Build.0 = Release|Any CPU
		{CF1F2FD9-ED22-482E-92F4-EC46B2C773DB}.Debug|Any CPU.ActiveCfg = Debug|Any CPU
		{CF1F2FD9-ED22-482E-92F4-EC46B2C773DB}.Debug|Any CPU.Build.0 = Debug|Any CPU
		{CF1F2FD9-ED22-482E-92F4-EC46B2C773DB}.Release|Any CPU.ActiveCfg = Release|Any CPU
		{CF1F2FD9-ED22-482E-92F4-EC46B2C773DB}.Release|Any CPU.Build.0 = Release|Any CPU
	EndGlobalSection
	GlobalSection(SolutionProperties) = preSolution
		HideSolutionNode = FALSE
	EndGlobalSection
EndGlobal
